// !$*UTF8*$!
{
	archiveVersion = 1;
	classes = {
	};
	objectVersion = 46;
	objects = {

/* Begin PBXBuildFile section */
		0C8AFF739C2CAFA89A886B4E /* Pods_BookSwap.framework in Frameworks */ = {isa = PBXBuildFile; fileRef = ED060ED86A722341791BB88C /* Pods_BookSwap.framework */; };
		250184461F1FE27C00C43BFF /* Secrets.swift in Sources */ = {isa = PBXBuildFile; fileRef = 250184451F1FE27C00C43BFF /* Secrets.swift */; };
		250C668D1F2AC3E00006BB8F /* Protocols.swift in Sources */ = {isa = PBXBuildFile; fileRef = 250C668C1F2AC3E00006BB8F /* Protocols.swift */; };
		250C668F1F2AC6800006BB8F /* CustomTextField.swift in Sources */ = {isa = PBXBuildFile; fileRef = 250C668E1F2AC6800006BB8F /* CustomTextField.swift */; };
		250C66931F2C06A30006BB8F /* BookCollectionViewCell.swift in Sources */ = {isa = PBXBuildFile; fileRef = 250C66911F2C06A30006BB8F /* BookCollectionViewCell.swift */; };
		250C66941F2C06A30006BB8F /* BookCollectionViewCell.xib in Resources */ = {isa = PBXBuildFile; fileRef = 250C66921F2C06A30006BB8F /* BookCollectionViewCell.xib */; };
		2511F9461F196C9100DC8665 /* SignUpView.swift in Sources */ = {isa = PBXBuildFile; fileRef = 2511F9451F196C9100DC8665 /* SignUpView.swift */; };
		2511F9661F1986F200DC8665 /* Constants.swift in Sources */ = {isa = PBXBuildFile; fileRef = 2511F9651F1986F200DC8665 /* Constants.swift */; };
		2511F9681F19889E00DC8665 /* LocationViewController.swift in Sources */ = {isa = PBXBuildFile; fileRef = 2511F9671F19889E00DC8665 /* LocationViewController.swift */; };
		2511F96C1F1A6B6200DC8665 /* SignUpView.xib in Resources */ = {isa = PBXBuildFile; fileRef = 2511F96B1F1A6B6200DC8665 /* SignUpView.xib */; };
		2511F96E1F1C163E00DC8665 /* LocationView.swift in Sources */ = {isa = PBXBuildFile; fileRef = 2511F96D1F1C163E00DC8665 /* LocationView.swift */; };
		2511F9701F1C164A00DC8665 /* LocationView.xib in Resources */ = {isa = PBXBuildFile; fileRef = 2511F96F1F1C164A00DC8665 /* LocationView.xib */; };
		2511F9741F1D313300DC8665 /* Router.swift in Sources */ = {isa = PBXBuildFile; fileRef = 2511F9731F1D313300DC8665 /* Router.swift */; };
		251AA9521F1420D700B34960 /* AppDelegate.swift in Sources */ = {isa = PBXBuildFile; fileRef = 251AA9511F1420D700B34960 /* AppDelegate.swift */; };
		251AA9541F1420D700B34960 /* SignUpViewController.swift in Sources */ = {isa = PBXBuildFile; fileRef = 251AA9531F1420D700B34960 /* SignUpViewController.swift */; };
		251AA9571F1420D700B34960 /* Main.storyboard in Resources */ = {isa = PBXBuildFile; fileRef = 251AA9551F1420D700B34960 /* Main.storyboard */; };
		251AA9591F1420D700B34960 /* Assets.xcassets in Resources */ = {isa = PBXBuildFile; fileRef = 251AA9581F1420D700B34960 /* Assets.xcassets */; };
		251AA95C1F1420D700B34960 /* LaunchScreen.storyboard in Resources */ = {isa = PBXBuildFile; fileRef = 251AA95A1F1420D700B34960 /* LaunchScreen.storyboard */; };
		251AA96A1F151E7A00B34960 /* GoogleService-Info.plist in Resources */ = {isa = PBXBuildFile; fileRef = 251AA9691F151E7A00B34960 /* GoogleService-Info.plist */; };
		251AA96D1F156AFB00B34960 /* GoogleAPIClient.swift in Sources */ = {isa = PBXBuildFile; fileRef = 251AA96C1F156AFB00B34960 /* GoogleAPIClient.swift */; };
		251AA96F1F156B1200B34960 /* FirebaseManager.swift in Sources */ = {isa = PBXBuildFile; fileRef = 251AA96E1F156B1200B34960 /* FirebaseManager.swift */; };
		251AA9711F156B2400B34960 /* Book.swift in Sources */ = {isa = PBXBuildFile; fileRef = 251AA9701F156B2400B34960 /* Book.swift */; };
		251AA9731F156C8D00B34960 /* User.swift in Sources */ = {isa = PBXBuildFile; fileRef = 251AA9721F156C8D00B34960 /* User.swift */; };
		251AA9771F1590EE00B34960 /* UserViewModel.swift in Sources */ = {isa = PBXBuildFile; fileRef = 251AA9761F1590EE00B34960 /* UserViewModel.swift */; };
		254096931F2D357600ACF3B9 /* DetailedBookView.swift in Sources */ = {isa = PBXBuildFile; fileRef = 254096921F2D357600ACF3B9 /* DetailedBookView.swift */; };
		254096951F2D358000ACF3B9 /* DetailedBookView.xib in Resources */ = {isa = PBXBuildFile; fileRef = 254096941F2D358000ACF3B9 /* DetailedBookView.xib */; };
		254096971F2D372E00ACF3B9 /* DetailedBookViewController.swift in Sources */ = {isa = PBXBuildFile; fileRef = 254096961F2D372E00ACF3B9 /* DetailedBookViewController.swift */; };
		2540969F1F2E56E300ACF3B9 /* Error.swift in Sources */ = {isa = PBXBuildFile; fileRef = 2540969E1F2E56E300ACF3B9 /* Error.swift */; };
		254096A11F2E573900ACF3B9 /* AlertMessage.swift in Sources */ = {isa = PBXBuildFile; fileRef = 254096A01F2E573900ACF3B9 /* AlertMessage.swift */; };
		254096A61F2E625C00ACF3B9 /* ConfirmView.xib in Resources */ = {isa = PBXBuildFile; fileRef = 254096A51F2E625C00ACF3B9 /* ConfirmView.xib */; };
		254096A91F2E628600ACF3B9 /* MessagesView.swift in Sources */ = {isa = PBXBuildFile; fileRef = 254096A81F2E628600ACF3B9 /* MessagesView.swift */; };
		254096AB1F2E629300ACF3B9 /* MessagesView.xib in Resources */ = {isa = PBXBuildFile; fileRef = 254096AA1F2E629300ACF3B9 /* MessagesView.xib */; };
		254096AD1F2E62A600ACF3B9 /* ChatView.swift in Sources */ = {isa = PBXBuildFile; fileRef = 254096AC1F2E62A600ACF3B9 /* ChatView.swift */; };
		254096AF1F2E62B100ACF3B9 /* ChatView.xib in Resources */ = {isa = PBXBuildFile; fileRef = 254096AE1F2E62B100ACF3B9 /* ChatView.xib */; };
		254096B11F2E634100ACF3B9 /* ConfirmView.swift in Sources */ = {isa = PBXBuildFile; fileRef = 254096B01F2E634100ACF3B9 /* ConfirmView.swift */; };
		254096B31F2E641800ACF3B9 /* ConfirmViewController.swift in Sources */ = {isa = PBXBuildFile; fileRef = 254096B21F2E641800ACF3B9 /* ConfirmViewController.swift */; };
		255271E21F254B4F008FF87F /* DataStore.swift in Sources */ = {isa = PBXBuildFile; fileRef = 255271E11F254B4F008FF87F /* DataStore.swift */; };
		255271E41F279B4D008FF87F /* TestTableViewController.swift in Sources */ = {isa = PBXBuildFile; fileRef = 255271E31F279B4D008FF87F /* TestTableViewController.swift */; };
		25E99FF51F21145100C1012B /* HomeViewController.swift in Sources */ = {isa = PBXBuildFile; fileRef = 25E99FF41F21145100C1012B /* HomeViewController.swift */; };
		25E99FF71F21148800C1012B /* HomeView.swift in Sources */ = {isa = PBXBuildFile; fileRef = 25E99FF61F21148800C1012B /* HomeView.swift */; };
		25E99FF91F21149600C1012B /* HomeView.xib in Resources */ = {isa = PBXBuildFile; fileRef = 25E99FF81F21149600C1012B /* HomeView.xib */; };
		25E99FFB1F2114A100C1012B /* HomeViewModel.swift in Sources */ = {isa = PBXBuildFile; fileRef = 25E99FFA1F2114A100C1012B /* HomeViewModel.swift */; };
		25E99FFD1F2123AF00C1012B /* AddBookViewController.swift in Sources */ = {isa = PBXBuildFile; fileRef = 25E99FFC1F2123AF00C1012B /* AddBookViewController.swift */; };
		25E99FFF1F2123C200C1012B /* AddBookBarView.swift in Sources */ = {isa = PBXBuildFile; fileRef = 25E99FFE1F2123C200C1012B /* AddBookBarView.swift */; };
		25E9A0011F2123D900C1012B /* AddBookBarView.xib in Resources */ = {isa = PBXBuildFile; fileRef = 25E9A0001F2123D900C1012B /* AddBookBarView.xib */; };
		25E9A0031F2123F600C1012B /* AddBookViewModel.swift in Sources */ = {isa = PBXBuildFile; fileRef = 25E9A0021F2123F600C1012B /* AddBookViewModel.swift */; };
		25E9A00E1F21522A00C1012B /* ManuallyAddViewController.swift in Sources */ = {isa = PBXBuildFile; fileRef = 25E9A00D1F21522A00C1012B /* ManuallyAddViewController.swift */; };
		25E9A0101F21524000C1012B /* ManuallyAddViewModel.swift in Sources */ = {isa = PBXBuildFile; fileRef = 25E9A00F1F21524000C1012B /* ManuallyAddViewModel.swift */; };
		25E9A0121F21525B00C1012B /* ManuallyAddBookView.swift in Sources */ = {isa = PBXBuildFile; fileRef = 25E9A0111F21525B00C1012B /* ManuallyAddBookView.swift */; };
		25E9A0141F21526600C1012B /* ManuallyAddBookView.xib in Resources */ = {isa = PBXBuildFile; fileRef = 25E9A0131F21526600C1012B /* ManuallyAddBookView.xib */; };
		25F83AF01F1E6B59002031A6 /* Dynamic.swift in Sources */ = {isa = PBXBuildFile; fileRef = 25F83AEF1F1E6B59002031A6 /* Dynamic.swift */; };
/* End PBXBuildFile section */

/* Begin PBXFileReference section */
		250184451F1FE27C00C43BFF /* Secrets.swift */ = {isa = PBXFileReference; fileEncoding = 4; lastKnownFileType = sourcecode.swift; path = Secrets.swift; sourceTree = "<group>"; };
		250C668C1F2AC3E00006BB8F /* Protocols.swift */ = {isa = PBXFileReference; fileEncoding = 4; lastKnownFileType = sourcecode.swift; path = Protocols.swift; sourceTree = "<group>"; };
		250C668E1F2AC6800006BB8F /* CustomTextField.swift */ = {isa = PBXFileReference; fileEncoding = 4; lastKnownFileType = sourcecode.swift; path = CustomTextField.swift; sourceTree = "<group>"; };
		250C66911F2C06A30006BB8F /* BookCollectionViewCell.swift */ = {isa = PBXFileReference; fileEncoding = 4; lastKnownFileType = sourcecode.swift; path = BookCollectionViewCell.swift; sourceTree = "<group>"; };
		250C66921F2C06A30006BB8F /* BookCollectionViewCell.xib */ = {isa = PBXFileReference; fileEncoding = 4; lastKnownFileType = file.xib; path = BookCollectionViewCell.xib; sourceTree = "<group>"; };
		2511F9451F196C9100DC8665 /* SignUpView.swift */ = {isa = PBXFileReference; fileEncoding = 4; lastKnownFileType = sourcecode.swift; path = SignUpView.swift; sourceTree = "<group>"; };
		2511F9651F1986F200DC8665 /* Constants.swift */ = {isa = PBXFileReference; fileEncoding = 4; lastKnownFileType = sourcecode.swift; path = Constants.swift; sourceTree = "<group>"; };
		2511F9671F19889E00DC8665 /* LocationViewController.swift */ = {isa = PBXFileReference; fileEncoding = 4; lastKnownFileType = sourcecode.swift; path = LocationViewController.swift; sourceTree = "<group>"; };
		2511F96B1F1A6B6200DC8665 /* SignUpView.xib */ = {isa = PBXFileReference; fileEncoding = 4; lastKnownFileType = file.xib; path = SignUpView.xib; sourceTree = "<group>"; };
		2511F96D1F1C163E00DC8665 /* LocationView.swift */ = {isa = PBXFileReference; fileEncoding = 4; lastKnownFileType = sourcecode.swift; path = LocationView.swift; sourceTree = "<group>"; };
		2511F96F1F1C164A00DC8665 /* LocationView.xib */ = {isa = PBXFileReference; fileEncoding = 4; lastKnownFileType = file.xib; path = LocationView.xib; sourceTree = "<group>"; };
		2511F9731F1D313300DC8665 /* Router.swift */ = {isa = PBXFileReference; fileEncoding = 4; lastKnownFileType = sourcecode.swift; path = Router.swift; sourceTree = "<group>"; };
		251AA94E1F1420D600B34960 /* BookSwap.app */ = {isa = PBXFileReference; explicitFileType = wrapper.application; includeInIndex = 0; path = BookSwap.app; sourceTree = BUILT_PRODUCTS_DIR; };
		251AA9511F1420D700B34960 /* AppDelegate.swift */ = {isa = PBXFileReference; lastKnownFileType = sourcecode.swift; path = AppDelegate.swift; sourceTree = "<group>"; };
		251AA9531F1420D700B34960 /* SignUpViewController.swift */ = {isa = PBXFileReference; lastKnownFileType = sourcecode.swift; path = SignUpViewController.swift; sourceTree = "<group>"; };
		251AA9561F1420D700B34960 /* Base */ = {isa = PBXFileReference; lastKnownFileType = file.storyboard; name = Base; path = Base.lproj/Main.storyboard; sourceTree = "<group>"; };
		251AA9581F1420D700B34960 /* Assets.xcassets */ = {isa = PBXFileReference; lastKnownFileType = folder.assetcatalog; path = Assets.xcassets; sourceTree = "<group>"; };
		251AA95B1F1420D700B34960 /* Base */ = {isa = PBXFileReference; lastKnownFileType = file.storyboard; name = Base; path = Base.lproj/LaunchScreen.storyboard; sourceTree = "<group>"; };
		251AA95D1F1420D700B34960 /* Info.plist */ = {isa = PBXFileReference; lastKnownFileType = text.plist.xml; path = Info.plist; sourceTree = "<group>"; };
		251AA9691F151E7A00B34960 /* GoogleService-Info.plist */ = {isa = PBXFileReference; fileEncoding = 4; lastKnownFileType = text.plist.xml; path = "GoogleService-Info.plist"; sourceTree = "<group>"; };
		251AA96C1F156AFB00B34960 /* GoogleAPIClient.swift */ = {isa = PBXFileReference; fileEncoding = 4; lastKnownFileType = sourcecode.swift; path = GoogleAPIClient.swift; sourceTree = "<group>"; };
		251AA96E1F156B1200B34960 /* FirebaseManager.swift */ = {isa = PBXFileReference; fileEncoding = 4; lastKnownFileType = sourcecode.swift; path = FirebaseManager.swift; sourceTree = "<group>"; };
		251AA9701F156B2400B34960 /* Book.swift */ = {isa = PBXFileReference; fileEncoding = 4; lastKnownFileType = sourcecode.swift; path = Book.swift; sourceTree = "<group>"; };
		251AA9721F156C8D00B34960 /* User.swift */ = {isa = PBXFileReference; fileEncoding = 4; lastKnownFileType = sourcecode.swift; path = User.swift; sourceTree = "<group>"; };
		251AA9761F1590EE00B34960 /* UserViewModel.swift */ = {isa = PBXFileReference; fileEncoding = 4; lastKnownFileType = sourcecode.swift; path = UserViewModel.swift; sourceTree = "<group>"; };
		254096921F2D357600ACF3B9 /* DetailedBookView.swift */ = {isa = PBXFileReference; fileEncoding = 4; lastKnownFileType = sourcecode.swift; path = DetailedBookView.swift; sourceTree = "<group>"; };
		254096941F2D358000ACF3B9 /* DetailedBookView.xib */ = {isa = PBXFileReference; fileEncoding = 4; lastKnownFileType = file.xib; path = DetailedBookView.xib; sourceTree = "<group>"; };
		254096961F2D372E00ACF3B9 /* DetailedBookViewController.swift */ = {isa = PBXFileReference; fileEncoding = 4; lastKnownFileType = sourcecode.swift; path = DetailedBookViewController.swift; sourceTree = "<group>"; };
		2540969E1F2E56E300ACF3B9 /* Error.swift */ = {isa = PBXFileReference; fileEncoding = 4; lastKnownFileType = sourcecode.swift; path = Error.swift; sourceTree = "<group>"; };
		254096A01F2E573900ACF3B9 /* AlertMessage.swift */ = {isa = PBXFileReference; fileEncoding = 4; lastKnownFileType = sourcecode.swift; path = AlertMessage.swift; sourceTree = "<group>"; };
		254096A51F2E625C00ACF3B9 /* ConfirmView.xib */ = {isa = PBXFileReference; fileEncoding = 4; lastKnownFileType = file.xib; path = ConfirmView.xib; sourceTree = "<group>"; };
		254096A81F2E628600ACF3B9 /* MessagesView.swift */ = {isa = PBXFileReference; fileEncoding = 4; lastKnownFileType = sourcecode.swift; path = MessagesView.swift; sourceTree = "<group>"; };
		254096AA1F2E629300ACF3B9 /* MessagesView.xib */ = {isa = PBXFileReference; fileEncoding = 4; lastKnownFileType = file.xib; path = MessagesView.xib; sourceTree = "<group>"; };
		254096AC1F2E62A600ACF3B9 /* ChatView.swift */ = {isa = PBXFileReference; fileEncoding = 4; lastKnownFileType = sourcecode.swift; path = ChatView.swift; sourceTree = "<group>"; };
		254096AE1F2E62B100ACF3B9 /* ChatView.xib */ = {isa = PBXFileReference; fileEncoding = 4; lastKnownFileType = file.xib; path = ChatView.xib; sourceTree = "<group>"; };
		254096B01F2E634100ACF3B9 /* ConfirmView.swift */ = {isa = PBXFileReference; fileEncoding = 4; lastKnownFileType = sourcecode.swift; path = ConfirmView.swift; sourceTree = "<group>"; };
		254096B21F2E641800ACF3B9 /* ConfirmViewController.swift */ = {isa = PBXFileReference; fileEncoding = 4; lastKnownFileType = sourcecode.swift; path = ConfirmViewController.swift; sourceTree = "<group>"; };
		255271E11F254B4F008FF87F /* DataStore.swift */ = {isa = PBXFileReference; fileEncoding = 4; lastKnownFileType = sourcecode.swift; path = DataStore.swift; sourceTree = "<group>"; };
		255271E31F279B4D008FF87F /* TestTableViewController.swift */ = {isa = PBXFileReference; fileEncoding = 4; lastKnownFileType = sourcecode.swift; path = TestTableViewController.swift; sourceTree = "<group>"; };
		25E99FF41F21145100C1012B /* HomeViewController.swift */ = {isa = PBXFileReference; fileEncoding = 4; lastKnownFileType = sourcecode.swift; path = HomeViewController.swift; sourceTree = "<group>"; };
		25E99FF61F21148800C1012B /* HomeView.swift */ = {isa = PBXFileReference; fileEncoding = 4; lastKnownFileType = sourcecode.swift; path = HomeView.swift; sourceTree = "<group>"; };
		25E99FF81F21149600C1012B /* HomeView.xib */ = {isa = PBXFileReference; fileEncoding = 4; lastKnownFileType = file.xib; path = HomeView.xib; sourceTree = "<group>"; };
		25E99FFA1F2114A100C1012B /* HomeViewModel.swift */ = {isa = PBXFileReference; fileEncoding = 4; lastKnownFileType = sourcecode.swift; path = HomeViewModel.swift; sourceTree = "<group>"; };
		25E99FFC1F2123AF00C1012B /* AddBookViewController.swift */ = {isa = PBXFileReference; fileEncoding = 4; lastKnownFileType = sourcecode.swift; path = AddBookViewController.swift; sourceTree = "<group>"; };
		25E99FFE1F2123C200C1012B /* AddBookBarView.swift */ = {isa = PBXFileReference; fileEncoding = 4; lastKnownFileType = sourcecode.swift; path = AddBookBarView.swift; sourceTree = "<group>"; };
		25E9A0001F2123D900C1012B /* AddBookBarView.xib */ = {isa = PBXFileReference; fileEncoding = 4; lastKnownFileType = file.xib; path = AddBookBarView.xib; sourceTree = "<group>"; };
		25E9A0021F2123F600C1012B /* AddBookViewModel.swift */ = {isa = PBXFileReference; fileEncoding = 4; lastKnownFileType = sourcecode.swift; path = AddBookViewModel.swift; sourceTree = "<group>"; };
		25E9A00D1F21522A00C1012B /* ManuallyAddViewController.swift */ = {isa = PBXFileReference; fileEncoding = 4; lastKnownFileType = sourcecode.swift; path = ManuallyAddViewController.swift; sourceTree = "<group>"; };
		25E9A00F1F21524000C1012B /* ManuallyAddViewModel.swift */ = {isa = PBXFileReference; fileEncoding = 4; lastKnownFileType = sourcecode.swift; path = ManuallyAddViewModel.swift; sourceTree = "<group>"; };
		25E9A0111F21525B00C1012B /* ManuallyAddBookView.swift */ = {isa = PBXFileReference; fileEncoding = 4; lastKnownFileType = sourcecode.swift; path = ManuallyAddBookView.swift; sourceTree = "<group>"; };
		25E9A0131F21526600C1012B /* ManuallyAddBookView.xib */ = {isa = PBXFileReference; fileEncoding = 4; lastKnownFileType = file.xib; path = ManuallyAddBookView.xib; sourceTree = "<group>"; };
		25F83AEF1F1E6B59002031A6 /* Dynamic.swift */ = {isa = PBXFileReference; fileEncoding = 4; lastKnownFileType = sourcecode.swift; path = Dynamic.swift; sourceTree = "<group>"; };
		99746DBF9CFFAED1B4277797 /* Pods-BookSwap.release.xcconfig */ = {isa = PBXFileReference; includeInIndex = 1; lastKnownFileType = text.xcconfig; name = "Pods-BookSwap.release.xcconfig"; path = "Pods/Target Support Files/Pods-BookSwap/Pods-BookSwap.release.xcconfig"; sourceTree = "<group>"; };
		ABA7E4F378FC2E1EDA3BAA4C /* Pods-BookSwap.debug.xcconfig */ = {isa = PBXFileReference; includeInIndex = 1; lastKnownFileType = text.xcconfig; name = "Pods-BookSwap.debug.xcconfig"; path = "Pods/Target Support Files/Pods-BookSwap/Pods-BookSwap.debug.xcconfig"; sourceTree = "<group>"; };
		ED060ED86A722341791BB88C /* Pods_BookSwap.framework */ = {isa = PBXFileReference; explicitFileType = wrapper.framework; includeInIndex = 0; path = Pods_BookSwap.framework; sourceTree = BUILT_PRODUCTS_DIR; };
/* End PBXFileReference section */

/* Begin PBXFrameworksBuildPhase section */
		251AA94B1F1420D600B34960 /* Frameworks */ = {
			isa = PBXFrameworksBuildPhase;
			buildActionMask = 2147483647;
			files = (
				0C8AFF739C2CAFA89A886B4E /* Pods_BookSwap.framework in Frameworks */,
			);
			runOnlyForDeploymentPostprocessing = 0;
		};
/* End PBXFrameworksBuildPhase section */

/* Begin PBXGroup section */
		250C66901F2AC6FC0006BB8F /* Custom */ = {
			isa = PBXGroup;
			children = (
				250C668E1F2AC6800006BB8F /* CustomTextField.swift */,
			);
			name = Custom;
			sourceTree = "<group>";
		};
		251AA9451F1420D600B34960 = {
			isa = PBXGroup;
			children = (
				251AA9501F1420D600B34960 /* BookSwap */,
				251AA94F1F1420D600B34960 /* Products */,
				4A1B8FEB5933061861F7E03F /* Pods */,
				3B1AE6CC05037FB856D2D315 /* Frameworks */,
			);
			sourceTree = "<group>";
		};
		251AA94F1F1420D600B34960 /* Products */ = {
			isa = PBXGroup;
			children = (
				251AA94E1F1420D600B34960 /* BookSwap.app */,
			);
			name = Products;
			sourceTree = "<group>";
		};
		251AA9501F1420D600B34960 /* BookSwap */ = {
			isa = PBXGroup;
			children = (
				251AA96B1F156ACF00B34960 /* Networking */,
				251AA9671F14212900B34960 /* Helpers */,
				251AA9631F1420EB00B34960 /* Model */,
				251AA9651F14210800B34960 /* View */,
				251AA9641F1420F100B34960 /* ViewModel */,
				251AA9661F14210F00B34960 /* View Controller */,
				251AA9681F14213100B34960 /* Supporting Files */,
			);
			path = BookSwap;
			sourceTree = "<group>";
		};
		251AA9631F1420EB00B34960 /* Model */ = {
			isa = PBXGroup;
			children = (
				251AA9701F156B2400B34960 /* Book.swift */,
				254096A01F2E573900ACF3B9 /* AlertMessage.swift */,
				251AA9721F156C8D00B34960 /* User.swift */,
				25F83AEF1F1E6B59002031A6 /* Dynamic.swift */,
			);
			name = Model;
			sourceTree = "<group>";
		};
		251AA9641F1420F100B34960 /* ViewModel */ = {
			isa = PBXGroup;
			children = (
				251AA9761F1590EE00B34960 /* UserViewModel.swift */,
				25E99FFA1F2114A100C1012B /* HomeViewModel.swift */,
				25E9A0021F2123F600C1012B /* AddBookViewModel.swift */,
				25E9A00F1F21524000C1012B /* ManuallyAddViewModel.swift */,
			);
			name = ViewModel;
			sourceTree = "<group>";
		};
		251AA9651F14210800B34960 /* View */ = {
			isa = PBXGroup;
			children = (
				251AA9551F1420D700B34960 /* Main.storyboard */,
				254096981F2D37DB00ACF3B9 /* Sign In Flow */,
				254096A21F2E622B00ACF3B9 /* Home Flow */,
				254096991F2D380100ACF3B9 /* Add Book Flow */,
				254096A71F2E626800ACF3B9 /* Messages Flow */,
				250C66901F2AC6FC0006BB8F /* Custom */,
				25E9A0041F212A1700C1012B /* Cell */,
			);
			name = View;
			sourceTree = "<group>";
		};
		251AA9661F14210F00B34960 /* View Controller */ = {
			isa = PBXGroup;
			children = (
				251AA9531F1420D700B34960 /* SignUpViewController.swift */,
				2511F9671F19889E00DC8665 /* LocationViewController.swift */,
				25E99FF41F21145100C1012B /* HomeViewController.swift */,
				25E99FFC1F2123AF00C1012B /* AddBookViewController.swift */,
				25E9A00D1F21522A00C1012B /* ManuallyAddViewController.swift */,
				254096961F2D372E00ACF3B9 /* DetailedBookViewController.swift */,
				254096B21F2E641800ACF3B9 /* ConfirmViewController.swift */,
				255271E31F279B4D008FF87F /* TestTableViewController.swift */,
			);
			name = "View Controller";
			sourceTree = "<group>";
		};
		251AA9671F14212900B34960 /* Helpers */ = {
			isa = PBXGroup;
			children = (
				2511F9651F1986F200DC8665 /* Constants.swift */,
				2511F9731F1D313300DC8665 /* Router.swift */,
				250C668C1F2AC3E00006BB8F /* Protocols.swift */,
			);
			name = Helpers;
			sourceTree = "<group>";
		};
		251AA9681F14213100B34960 /* Supporting Files */ = {
			isa = PBXGroup;
			children = (
				251AA9511F1420D700B34960 /* AppDelegate.swift */,
				250184451F1FE27C00C43BFF /* Secrets.swift */,
				251AA95D1F1420D700B34960 /* Info.plist */,
				251AA9691F151E7A00B34960 /* GoogleService-Info.plist */,
				251AA95A1F1420D700B34960 /* LaunchScreen.storyboard */,
				251AA9581F1420D700B34960 /* Assets.xcassets */,
			);
			name = "Supporting Files";
			sourceTree = "<group>";
		};
		251AA96B1F156ACF00B34960 /* Networking */ = {
			isa = PBXGroup;
			children = (
				251AA96C1F156AFB00B34960 /* GoogleAPIClient.swift */,
				251AA96E1F156B1200B34960 /* FirebaseManager.swift */,
				255271E11F254B4F008FF87F /* DataStore.swift */,
				2540969E1F2E56E300ACF3B9 /* Error.swift */,
			);
			name = Networking;
			sourceTree = "<group>";
		};
		254096981F2D37DB00ACF3B9 /* Sign In Flow */ = {
			isa = PBXGroup;
			children = (
				2511F9451F196C9100DC8665 /* SignUpView.swift */,
				2511F96B1F1A6B6200DC8665 /* SignUpView.xib */,
				2511F96D1F1C163E00DC8665 /* LocationView.swift */,
				2511F96F1F1C164A00DC8665 /* LocationView.xib */,
			);
			name = "Sign In Flow";
			sourceTree = "<group>";
		};
		254096991F2D380100ACF3B9 /* Add Book Flow */ = {
			isa = PBXGroup;
			children = (
				25E99FFE1F2123C200C1012B /* AddBookBarView.swift */,
				25E9A0001F2123D900C1012B /* AddBookBarView.xib */,
				25E9A0111F21525B00C1012B /* ManuallyAddBookView.swift */,
				25E9A0131F21526600C1012B /* ManuallyAddBookView.xib */,
			);
			name = "Add Book Flow";
			sourceTree = "<group>";
		};
		254096A21F2E622B00ACF3B9 /* Home Flow */ = {
			isa = PBXGroup;
			children = (
				25E99FF61F21148800C1012B /* HomeView.swift */,
				25E99FF81F21149600C1012B /* HomeView.xib */,
				254096921F2D357600ACF3B9 /* DetailedBookView.swift */,
				254096941F2D358000ACF3B9 /* DetailedBookView.xib */,
				254096B01F2E634100ACF3B9 /* ConfirmView.swift */,
				254096A51F2E625C00ACF3B9 /* ConfirmView.xib */,
			);
			name = "Home Flow";
			sourceTree = "<group>";
		};
		254096A71F2E626800ACF3B9 /* Messages Flow */ = {
			isa = PBXGroup;
			children = (
				254096A81F2E628600ACF3B9 /* MessagesView.swift */,
				254096AA1F2E629300ACF3B9 /* MessagesView.xib */,
				254096AC1F2E62A600ACF3B9 /* ChatView.swift */,
				254096AE1F2E62B100ACF3B9 /* ChatView.xib */,
			);
			name = "Messages Flow";
			sourceTree = "<group>";
		};
		25E9A0041F212A1700C1012B /* Cell */ = {
			isa = PBXGroup;
			children = (
				250C66911F2C06A30006BB8F /* BookCollectionViewCell.swift */,
				250C66921F2C06A30006BB8F /* BookCollectionViewCell.xib */,
			);
			name = Cell;
			sourceTree = "<group>";
		};
		3B1AE6CC05037FB856D2D315 /* Frameworks */ = {
			isa = PBXGroup;
			children = (
				ED060ED86A722341791BB88C /* Pods_BookSwap.framework */,
			);
			name = Frameworks;
			sourceTree = "<group>";
		};
		4A1B8FEB5933061861F7E03F /* Pods */ = {
			isa = PBXGroup;
			children = (
				ABA7E4F378FC2E1EDA3BAA4C /* Pods-BookSwap.debug.xcconfig */,
				99746DBF9CFFAED1B4277797 /* Pods-BookSwap.release.xcconfig */,
			);
			name = Pods;
			sourceTree = "<group>";
		};
/* End PBXGroup section */

/* Begin PBXNativeTarget section */
		251AA94D1F1420D600B34960 /* BookSwap */ = {
			isa = PBXNativeTarget;
			buildConfigurationList = 251AA9601F1420D700B34960 /* Build configuration list for PBXNativeTarget "BookSwap" */;
			buildPhases = (
				145A650746F8FA21A71B391D /* [CP] Check Pods Manifest.lock */,
				251AA94A1F1420D600B34960 /* Sources */,
				251AA94B1F1420D600B34960 /* Frameworks */,
				251AA94C1F1420D600B34960 /* Resources */,
				9DFC02BDE27D54EFFAA1E743 /* [CP] Embed Pods Frameworks */,
				6D44CA718A0C67A065466C95 /* [CP] Copy Pods Resources */,
			);
			buildRules = (
			);
			dependencies = (
			);
			name = BookSwap;
			productName = BookSwap;
			productReference = 251AA94E1F1420D600B34960 /* BookSwap.app */;
			productType = "com.apple.product-type.application";
		};
/* End PBXNativeTarget section */

/* Begin PBXProject section */
		251AA9461F1420D600B34960 /* Project object */ = {
			isa = PBXProject;
			attributes = {
				LastSwiftUpdateCheck = 0830;
				LastUpgradeCheck = 0830;
				ORGANIZATIONNAME = "Joyce Matos";
				TargetAttributes = {
					251AA94D1F1420D600B34960 = {
						CreatedOnToolsVersion = 8.3.3;
						DevelopmentTeam = U442XCZ4BT;
						ProvisioningStyle = Automatic;
					};
				};
			};
			buildConfigurationList = 251AA9491F1420D600B34960 /* Build configuration list for PBXProject "BookSwap" */;
			compatibilityVersion = "Xcode 3.2";
			developmentRegion = English;
			hasScannedForEncodings = 0;
			knownRegions = (
				en,
				Base,
			);
			mainGroup = 251AA9451F1420D600B34960;
			productRefGroup = 251AA94F1F1420D600B34960 /* Products */;
			projectDirPath = "";
			projectRoot = "";
			targets = (
				251AA94D1F1420D600B34960 /* BookSwap */,
			);
		};
/* End PBXProject section */

/* Begin PBXResourcesBuildPhase section */
		251AA94C1F1420D600B34960 /* Resources */ = {
			isa = PBXResourcesBuildPhase;
			buildActionMask = 2147483647;
			files = (
				25E99FF91F21149600C1012B /* HomeView.xib in Resources */,
				251AA96A1F151E7A00B34960 /* GoogleService-Info.plist in Resources */,
				254096AF1F2E62B100ACF3B9 /* ChatView.xib in Resources */,
				2511F9701F1C164A00DC8665 /* LocationView.xib in Resources */,
				251AA95C1F1420D700B34960 /* LaunchScreen.storyboard in Resources */,
				251AA9591F1420D700B34960 /* Assets.xcassets in Resources */,
				254096A61F2E625C00ACF3B9 /* ConfirmView.xib in Resources */,
				254096AB1F2E629300ACF3B9 /* MessagesView.xib in Resources */,
				2511F96C1F1A6B6200DC8665 /* SignUpView.xib in Resources */,
				251AA9571F1420D700B34960 /* Main.storyboard in Resources */,
				25E9A0141F21526600C1012B /* ManuallyAddBookView.xib in Resources */,
				25E9A0011F2123D900C1012B /* AddBookBarView.xib in Resources */,
				250C66941F2C06A30006BB8F /* BookCollectionViewCell.xib in Resources */,
				254096951F2D358000ACF3B9 /* DetailedBookView.xib in Resources */,
			);
			runOnlyForDeploymentPostprocessing = 0;
		};
/* End PBXResourcesBuildPhase section */

/* Begin PBXShellScriptBuildPhase section */
		145A650746F8FA21A71B391D /* [CP] Check Pods Manifest.lock */ = {
			isa = PBXShellScriptBuildPhase;
			buildActionMask = 2147483647;
			files = (
			);
			inputPaths = (
			);
			name = "[CP] Check Pods Manifest.lock";
			outputPaths = (
			);
			runOnlyForDeploymentPostprocessing = 0;
			shellPath = /bin/sh;
			shellScript = "diff \"${PODS_PODFILE_DIR_PATH}/Podfile.lock\" \"${PODS_ROOT}/Manifest.lock\" > /dev/null\nif [ $? != 0 ] ; then\n    # print error to STDERR\n    echo \"error: The sandbox is not in sync with the Podfile.lock. Run 'pod install' or update your CocoaPods installation.\" >&2\n    exit 1\nfi\n";
			showEnvVarsInLog = 0;
		};
		6D44CA718A0C67A065466C95 /* [CP] Copy Pods Resources */ = {
			isa = PBXShellScriptBuildPhase;
			buildActionMask = 2147483647;
			files = (
			);
			inputPaths = (
			);
			name = "[CP] Copy Pods Resources";
			outputPaths = (
			);
			runOnlyForDeploymentPostprocessing = 0;
			shellPath = /bin/sh;
			shellScript = "\"${SRCROOT}/Pods/Target Support Files/Pods-BookSwap/Pods-BookSwap-resources.sh\"\n";
			showEnvVarsInLog = 0;
		};
		9DFC02BDE27D54EFFAA1E743 /* [CP] Embed Pods Frameworks */ = {
			isa = PBXShellScriptBuildPhase;
			buildActionMask = 2147483647;
			files = (
			);
			inputPaths = (
			);
			name = "[CP] Embed Pods Frameworks";
			outputPaths = (
			);
			runOnlyForDeploymentPostprocessing = 0;
			shellPath = /bin/sh;
			shellScript = "\"${SRCROOT}/Pods/Target Support Files/Pods-BookSwap/Pods-BookSwap-frameworks.sh\"\n";
			showEnvVarsInLog = 0;
		};
/* End PBXShellScriptBuildPhase section */

/* Begin PBXSourcesBuildPhase section */
		251AA94A1F1420D600B34960 /* Sources */ = {
			isa = PBXSourcesBuildPhase;
			buildActionMask = 2147483647;
			files = (
				250C668F1F2AC6800006BB8F /* CustomTextField.swift in Sources */,
				254096B11F2E634100ACF3B9 /* ConfirmView.swift in Sources */,
				254096A11F2E573900ACF3B9 /* AlertMessage.swift in Sources */,
				254096971F2D372E00ACF3B9 /* DetailedBookViewController.swift in Sources */,
				25E99FFB1F2114A100C1012B /* HomeViewModel.swift in Sources */,
				25E99FFD1F2123AF00C1012B /* AddBookViewController.swift in Sources */,
				2511F96E1F1C163E00DC8665 /* LocationView.swift in Sources */,
				250184461F1FE27C00C43BFF /* Secrets.swift in Sources */,
				25E9A0031F2123F600C1012B /* AddBookViewModel.swift in Sources */,
				25E99FF51F21145100C1012B /* HomeViewController.swift in Sources */,
				255271E21F254B4F008FF87F /* DataStore.swift in Sources */,
				251AA96F1F156B1200B34960 /* FirebaseManager.swift in Sources */,
				25E99FFF1F2123C200C1012B /* AddBookBarView.swift in Sources */,
				254096AD1F2E62A600ACF3B9 /* ChatView.swift in Sources */,
				254096931F2D357600ACF3B9 /* DetailedBookView.swift in Sources */,
				251AA9541F1420D700B34960 /* SignUpViewController.swift in Sources */,
				251AA9731F156C8D00B34960 /* User.swift in Sources */,
				2511F9461F196C9100DC8665 /* SignUpView.swift in Sources */,
				25F83AF01F1E6B59002031A6 /* Dynamic.swift in Sources */,
				254096A91F2E628600ACF3B9 /* MessagesView.swift in Sources */,
				25E9A00E1F21522A00C1012B /* ManuallyAddViewController.swift in Sources */,
				25E99FF71F21148800C1012B /* HomeView.swift in Sources */,
				251AA9771F1590EE00B34960 /* UserViewModel.swift in Sources */,
				2511F9681F19889E00DC8665 /* LocationViewController.swift in Sources */,
				255271E41F279B4D008FF87F /* TestTableViewController.swift in Sources */,
				25E9A0121F21525B00C1012B /* ManuallyAddBookView.swift in Sources */,
				25E9A0101F21524000C1012B /* ManuallyAddViewModel.swift in Sources */,
				2540969F1F2E56E300ACF3B9 /* Error.swift in Sources */,
				251AA9521F1420D700B34960 /* AppDelegate.swift in Sources */,
				251AA9711F156B2400B34960 /* Book.swift in Sources */,
				250C668D1F2AC3E00006BB8F /* Protocols.swift in Sources */,
				2511F9741F1D313300DC8665 /* Router.swift in Sources */,
				250C66931F2C06A30006BB8F /* BookCollectionViewCell.swift in Sources */,
				254096B31F2E641800ACF3B9 /* ConfirmViewController.swift in Sources */,
				251AA96D1F156AFB00B34960 /* GoogleAPIClient.swift in Sources */,
				2511F9661F1986F200DC8665 /* Constants.swift in Sources */,
			);
			runOnlyForDeploymentPostprocessing = 0;
		};
/* End PBXSourcesBuildPhase section */

/* Begin PBXVariantGroup section */
		251AA9551F1420D700B34960 /* Main.storyboard */ = {
			isa = PBXVariantGroup;
			children = (
				251AA9561F1420D700B34960 /* Base */,
			);
			name = Main.storyboard;
			sourceTree = "<group>";
		};
		251AA95A1F1420D700B34960 /* LaunchScreen.storyboard */ = {
			isa = PBXVariantGroup;
			children = (
				251AA95B1F1420D700B34960 /* Base */,
			);
			name = LaunchScreen.storyboard;
			sourceTree = "<group>";
		};
/* End PBXVariantGroup section */

/* Begin XCBuildConfiguration section */
		251AA95E1F1420D700B34960 /* Debug */ = {
			isa = XCBuildConfiguration;
			buildSettings = {
				ALWAYS_SEARCH_USER_PATHS = NO;
				CLANG_ANALYZER_NONNULL = YES;
				CLANG_ANALYZER_NUMBER_OBJECT_CONVERSION = YES_AGGRESSIVE;
				CLANG_CXX_LANGUAGE_STANDARD = "gnu++0x";
				CLANG_CXX_LIBRARY = "libc++";
				CLANG_ENABLE_MODULES = YES;
				CLANG_ENABLE_OBJC_ARC = YES;
				CLANG_WARN_BOOL_CONVERSION = YES;
				CLANG_WARN_CONSTANT_CONVERSION = YES;
				CLANG_WARN_DIRECT_OBJC_ISA_USAGE = YES_ERROR;
				CLANG_WARN_DOCUMENTATION_COMMENTS = YES;
				CLANG_WARN_EMPTY_BODY = YES;
				CLANG_WARN_ENUM_CONVERSION = YES;
				CLANG_WARN_INFINITE_RECURSION = YES;
				CLANG_WARN_INT_CONVERSION = YES;
				CLANG_WARN_OBJC_ROOT_CLASS = YES_ERROR;
				CLANG_WARN_SUSPICIOUS_MOVE = YES;
				CLANG_WARN_UNREACHABLE_CODE = YES;
				CLANG_WARN__DUPLICATE_METHOD_MATCH = YES;
				"CODE_SIGN_IDENTITY[sdk=iphoneos*]" = "iPhone Developer";
				COPY_PHASE_STRIP = NO;
				DEBUG_INFORMATION_FORMAT = dwarf;
				ENABLE_STRICT_OBJC_MSGSEND = YES;
				ENABLE_TESTABILITY = YES;
				GCC_C_LANGUAGE_STANDARD = gnu99;
				GCC_DYNAMIC_NO_PIC = NO;
				GCC_NO_COMMON_BLOCKS = YES;
				GCC_OPTIMIZATION_LEVEL = 0;
				GCC_PREPROCESSOR_DEFINITIONS = (
					"DEBUG=1",
					"$(inherited)",
				);
				GCC_WARN_64_TO_32_BIT_CONVERSION = YES;
				GCC_WARN_ABOUT_RETURN_TYPE = YES_ERROR;
				GCC_WARN_UNDECLARED_SELECTOR = YES;
				GCC_WARN_UNINITIALIZED_AUTOS = YES_AGGRESSIVE;
				GCC_WARN_UNUSED_FUNCTION = YES;
				GCC_WARN_UNUSED_VARIABLE = YES;
				IPHONEOS_DEPLOYMENT_TARGET = 10.3;
				MTL_ENABLE_DEBUG_INFO = YES;
				ONLY_ACTIVE_ARCH = YES;
				SDKROOT = iphoneos;
				SWIFT_ACTIVE_COMPILATION_CONDITIONS = DEBUG;
				SWIFT_OPTIMIZATION_LEVEL = "-Onone";
			};
			name = Debug;
		};
		251AA95F1F1420D700B34960 /* Release */ = {
			isa = XCBuildConfiguration;
			buildSettings = {
				ALWAYS_SEARCH_USER_PATHS = NO;
				CLANG_ANALYZER_NONNULL = YES;
				CLANG_ANALYZER_NUMBER_OBJECT_CONVERSION = YES_AGGRESSIVE;
				CLANG_CXX_LANGUAGE_STANDARD = "gnu++0x";
				CLANG_CXX_LIBRARY = "libc++";
				CLANG_ENABLE_MODULES = YES;
				CLANG_ENABLE_OBJC_ARC = YES;
				CLANG_WARN_BOOL_CONVERSION = YES;
				CLANG_WARN_CONSTANT_CONVERSION = YES;
				CLANG_WARN_DIRECT_OBJC_ISA_USAGE = YES_ERROR;
				CLANG_WARN_DOCUMENTATION_COMMENTS = YES;
				CLANG_WARN_EMPTY_BODY = YES;
				CLANG_WARN_ENUM_CONVERSION = YES;
				CLANG_WARN_INFINITE_RECURSION = YES;
				CLANG_WARN_INT_CONVERSION = YES;
				CLANG_WARN_OBJC_ROOT_CLASS = YES_ERROR;
				CLANG_WARN_SUSPICIOUS_MOVE = YES;
				CLANG_WARN_UNREACHABLE_CODE = YES;
				CLANG_WARN__DUPLICATE_METHOD_MATCH = YES;
				"CODE_SIGN_IDENTITY[sdk=iphoneos*]" = "iPhone Developer";
				COPY_PHASE_STRIP = NO;
				DEBUG_INFORMATION_FORMAT = "dwarf-with-dsym";
				ENABLE_NS_ASSERTIONS = NO;
				ENABLE_STRICT_OBJC_MSGSEND = YES;
				GCC_C_LANGUAGE_STANDARD = gnu99;
				GCC_NO_COMMON_BLOCKS = YES;
				GCC_WARN_64_TO_32_BIT_CONVERSION = YES;
				GCC_WARN_ABOUT_RETURN_TYPE = YES_ERROR;
				GCC_WARN_UNDECLARED_SELECTOR = YES;
				GCC_WARN_UNINITIALIZED_AUTOS = YES_AGGRESSIVE;
				GCC_WARN_UNUSED_FUNCTION = YES;
				GCC_WARN_UNUSED_VARIABLE = YES;
				IPHONEOS_DEPLOYMENT_TARGET = 10.3;
				MTL_ENABLE_DEBUG_INFO = NO;
				SDKROOT = iphoneos;
				SWIFT_OPTIMIZATION_LEVEL = "-Owholemodule";
				VALIDATE_PRODUCT = YES;
			};
			name = Release;
		};
		251AA9611F1420D700B34960 /* Debug */ = {
			isa = XCBuildConfiguration;
			baseConfigurationReference = ABA7E4F378FC2E1EDA3BAA4C /* Pods-BookSwap.debug.xcconfig */;
			buildSettings = {
				ASSETCATALOG_COMPILER_APPICON_NAME = AppIcon;
				DEVELOPMENT_TEAM = U442XCZ4BT;
				INFOPLIST_FILE = BookSwap/Info.plist;
				LD_RUNPATH_SEARCH_PATHS = "$(inherited) @executable_path/Frameworks";
				PRODUCT_BUNDLE_IDENTIFIER = com.JoyceMatos.BookSwap;
				PRODUCT_NAME = "$(TARGET_NAME)";
				SWIFT_VERSION = 3.0;
			};
			name = Debug;
		};
		251AA9621F1420D700B34960 /* Release */ = {
			isa = XCBuildConfiguration;
			baseConfigurationReference = 99746DBF9CFFAED1B4277797 /* Pods-BookSwap.release.xcconfig */;
			buildSettings = {
				ASSETCATALOG_COMPILER_APPICON_NAME = AppIcon;
				DEVELOPMENT_TEAM = U442XCZ4BT;
				INFOPLIST_FILE = BookSwap/Info.plist;
				LD_RUNPATH_SEARCH_PATHS = "$(inherited) @executable_path/Frameworks";
				PRODUCT_BUNDLE_IDENTIFIER = com.JoyceMatos.BookSwap;
				PRODUCT_NAME = "$(TARGET_NAME)";
				SWIFT_VERSION = 3.0;
			};
			name = Release;
		};
/* End XCBuildConfiguration section */

/* Begin XCConfigurationList section */
		251AA9491F1420D600B34960 /* Build configuration list for PBXProject "BookSwap" */ = {
			isa = XCConfigurationList;
			buildConfigurations = (
				251AA95E1F1420D700B34960 /* Debug */,
				251AA95F1F1420D700B34960 /* Release */,
			);
			defaultConfigurationIsVisible = 0;
			defaultConfigurationName = Release;
		};
		251AA9601F1420D700B34960 /* Build configuration list for PBXNativeTarget "BookSwap" */ = {
			isa = XCConfigurationList;
			buildConfigurations = (
				251AA9611F1420D700B34960 /* Debug */,
				251AA9621F1420D700B34960 /* Release */,
			);
			defaultConfigurationIsVisible = 0;
			defaultConfigurationName = Release;
		};
/* End XCConfigurationList section */
	};
	rootObject = 251AA9461F1420D600B34960 /* Project object */;
}
